{
    "_meta": {
        "hash": {
            "sha256": "07d3ea3fb7f02e22231753bf1575b575a109df15e2c7f32fea83095b2551ac1f"
        },
        "pipfile-spec": 6,
        "requires": {
            "python_version": "3.10"
        },
        "sources": [
            {
                "name": "pypi",
                "url": "https://pypi.org/simple",
                "verify_ssl": true
            }
        ]
    },
    "default": {},
    "develop": {}
}
